
Microsoft Visual Studio Solution File, Format Version 12.00
# Visual Studio Version 16
VisualStudioVersion = 16.0.30711.63
MinimumVisualStudioVersion = 10.0.40219.1
Project("{9A19103F-16F7-4668-BE54-9A1E7A4F7556}") = "CancellationPractice", "CancellationPractice\CancellationPractice.csproj", "{194BFBE1-903F-4370-AF3A-FBF61741773C}"
EndProject
Project("{FAE04EC0-301F-11D3-BF4B-00C04F79EFBC}") = "DIPractice", "DIPractice\DIPractice.csproj", "{166B396B-801E-4BBA-9362-A06151433A8C}"
EndProject
Project("{FAE04EC0-301F-11D3-BF4B-00C04F79EFBC}") = "MiddlewarePractice", "MiddlewarePractice\MiddlewarePractice.csproj", "{CE896476-C564-4EB7-8070-844FF6E4B3C5}"
EndProject
Global
	GlobalSection(SolutionConfigurationPlatforms) = preSolution
		Debug|Any CPU = Debug|Any CPU
		Release|Any CPU = Release|Any CPU
	EndGlobalSection
	GlobalSection(ProjectConfigurationPlatforms) = postSolution
		{194BFBE1-903F-4370-AF3A-FBF61741773C}.Debug|Any CPU.ActiveCfg = Debug|Any CPU
		{194BFBE1-903F-4370-AF3A-FBF61741773C}.Debug|Any CPU.Build.0 = Debug|Any CPU
		{194BFBE1-903F-4370-AF3A-FBF61741773C}.Release|Any CPU.ActiveCfg = Release|Any CPU
		{194BFBE1-903F-4370-AF3A-FBF61741773C}.Release|Any CPU.Build.0 = Release|Any CPU
		{166B396B-801E-4BBA-9362-A06151433A8C}.Debug|Any CPU.ActiveCfg = Debug|Any CPU
		{166B396B-801E-4BBA-9362-A06151433A8C}.Debug|Any CPU.Build.0 = Debug|Any CPU
		{166B396B-801E-4BBA-9362-A06151433A8C}.Release|Any CPU.ActiveCfg = Release|Any CPU
		{166B396B-801E-4BBA-9362-A06151433A8C}.Release|Any CPU.Build.0 = Release|Any CPU
		{CE896476-C564-4EB7-8070-844FF6E4B3C5}.Debug|Any CPU.ActiveCfg = Debug|Any CPU
		{CE896476-C564-4EB7-8070-844FF6E4B3C5}.Debug|Any CPU.Build.0 = Debug|Any CPU
		{CE896476-C564-4EB7-8070-844FF6E4B3C5}.Release|Any CPU.ActiveCfg = Release|Any CPU
		{CE896476-C564-4EB7-8070-844FF6E4B3C5}.Release|Any CPU.Build.0 = Release|Any CPU
	EndGlobalSection
	GlobalSection(SolutionProperties) = preSolution
		HideSolutionNode = FALSE
	EndGlobalSection
	GlobalSection(ExtensibilityGlobals) = postSolution
		SolutionGuid = {D081961A-4E5C-46DF-A547-FE1C171C0935}
	EndGlobalSection
EndGlobal
